
Microsoft Visual Studio Solution File, Format Version 12.00
# Visual Studio Version 17
VisualStudioVersion = 17.6.33815.320
MinimumVisualStudioVersion = 10.0.40219.1
Project("{FAE04EC0-301F-11D3-BF4B-00C04F79EFBC}") = "SourceControllSystem", "SourceControllSystem\SourceControllSystem.csproj", "{34A44887-C0FC-4E36-82B3-137581065FCE}"
EndProject
Global
	GlobalSection(SolutionConfigurationPlatforms) = preSolution
		Debug|Any CPU = Debug|Any CPU
		Release|Any CPU = Release|Any CPU
	EndGlobalSection
	GlobalSection(ProjectConfigurationPlatforms) = postSolution
		{34A44887-C0FC-4E36-82B3-137581065FCE}.Debug|Any CPU.ActiveCfg = Debug|Any CPU
		{34A44887-C0FC-4E36-82B3-137581065FCE}.Debug|Any CPU.Build.0 = Debug|Any CPU
		{34A44887-C0FC-4E36-82B3-137581065FCE}.Release|Any CPU.ActiveCfg = Release|Any CPU
		{34A44887-C0FC-4E36-82B3-137581065FCE}.Release|Any CPU.Build.0 = Release|Any CPU
	EndGlobalSection
	GlobalSection(SolutionProperties) = preSolution
		HideSolutionNode = FALSE
	EndGlobalSection
	GlobalSection(ExtensibilityGlobals) = postSolution
		SolutionGuid = {0051A343-5959-4342-BC18-9E4702580603}
	EndGlobalSection
EndGlobal
